{
  "name": "SpringBootPRJ1.0",
  "lockfileVersion": 2,
  "requires": true,
  "packages": {
    "": {
      "dependencies": {
        "sweetalert2": "^11.4.5"
      }
    },
    "node_modules/sweetalert2": {
      "version": "11.4.5",
      "resolved": "https://registry.npmjs.org/sweetalert2/-/sweetalert2-11.4.5.tgz",
      "integrity": "sha512-m7Zh8iGJyo8dPzynnPGbCllzxMSQtFwHWoH6rZxDN9iq4wSmv0soYFI2O6XWWaXBgHfAm4YmASA3dJRq1Mpk7g==",
      "funding": {
        "type": "individual",
        "url": "https://sweetalert2.github.io/#donations"
      }
    }
  },
  "dependencies": {
    "sweetalert2": {
      "version": "11.4.5",
      "resolved": "https://registry.npmjs.org/sweetalert2/-/sweetalert2-11.4.5.tgz",
      "integrity": "sha512-m7Zh8iGJyo8dPzynnPGbCllzxMSQtFwHWoH6rZxDN9iq4wSmv0soYFI2O6XWWaXBgHfAm4YmASA3dJRq1Mpk7g=="
    }
  }
}
